
Microsoft Visual Studio Solution File, Format Version 12.00
# Visual Studio 2012
Project("{FAE04EC0-301F-11D3-BF4B-00C04F79EFBC}") = "Laba1", "Laba1\Laba1.csproj", "{859C49D7-AB82-4701-95DC-A568175AF1CE}"
EndProject
Global
	GlobalSection(SolutionConfigurationPlatforms) = preSolution
		Debug|x86 = Debug|x86
		Release|x86 = Release|x86
	EndGlobalSection
	GlobalSection(ProjectConfigurationPlatforms) = postSolution
		{859C49D7-AB82-4701-95DC-A568175AF1CE}.Debug|x86.ActiveCfg = Debug|x86
		{859C49D7-AB82-4701-95DC-A568175AF1CE}.Debug|x86.Build.0 = Debug|x86
		{859C49D7-AB82-4701-95DC-A568175AF1CE}.Release|x86.ActiveCfg = Release|x86
		{859C49D7-AB82-4701-95DC-A568175AF1CE}.Release|x86.Build.0 = Release|x86
	EndGlobalSection
EndGlobal
